// !$*UTF8*$!
{
	archiveVersion = 1;
	classes = {
	};
	objectVersion = 56;
	objects = {

/* Begin PBXBuildFile section */
		4459CE8C29B1CE3C00B4FCE0 /* AvatarView.swift in Sources */ = {isa = PBXBuildFile; fileRef = 4459CE8B29B1CE3C00B4FCE0 /* AvatarView.swift */; };
		449F1A6C29B2167400ABEC8C /* UserDetailView.swift in Sources */ = {isa = PBXBuildFile; fileRef = 449F1A6B29B2167400ABEC8C /* UserDetailView.swift */; };
		44D22F7229AF48DB003A3B8E /* RandomUserApp.swift in Sources */ = {isa = PBXBuildFile; fileRef = 44D22F7129AF48DB003A3B8E /* RandomUserApp.swift */; };
		44D22F7429AF48DB003A3B8E /* ContentView.swift in Sources */ = {isa = PBXBuildFile; fileRef = 44D22F7329AF48DB003A3B8E /* ContentView.swift */; };
		44D22F7629AF48DC003A3B8E /* Assets.xcassets in Resources */ = {isa = PBXBuildFile; fileRef = 44D22F7529AF48DC003A3B8E /* Assets.xcassets */; };
		44D22F7929AF48DC003A3B8E /* Preview Assets.xcassets in Resources */ = {isa = PBXBuildFile; fileRef = 44D22F7829AF48DC003A3B8E /* Preview Assets.xcassets */; };
		44D22F8029AF4947003A3B8E /* StateController.swift in Sources */ = {isa = PBXBuildFile; fileRef = 44D22F7F29AF4947003A3B8E /* StateController.swift */; };
		44D22F8229AF49FB003A3B8E /* User.swift in Sources */ = {isa = PBXBuildFile; fileRef = 44D22F8129AF49FB003A3B8E /* User.swift */; };
		44D22F8529AF4B18003A3B8E /* RandumUserResult.swift in Sources */ = {isa = PBXBuildFile; fileRef = 44D22F8429AF4B18003A3B8E /* RandumUserResult.swift */; };
		44D22F8729AF5413003A3B8E /* NetworkService.swift in Sources */ = {isa = PBXBuildFile; fileRef = 44D22F8629AF5413003A3B8E /* NetworkService.swift */; };
		44D22F8929AF61D8003A3B8E /* UserRowCell.swift in Sources */ = {isa = PBXBuildFile; fileRef = 44D22F8829AF61D8003A3B8E /* UserRowCell.swift */; };
/* End PBXBuildFile section */

/* Begin PBXFileReference section */
		4459CE8B29B1CE3C00B4FCE0 /* AvatarView.swift */ = {isa = PBXFileReference; lastKnownFileType = sourcecode.swift; path = AvatarView.swift; sourceTree = "<group>"; };
		449F1A6B29B2167400ABEC8C /* UserDetailView.swift */ = {isa = PBXFileReference; lastKnownFileType = sourcecode.swift; path = UserDetailView.swift; sourceTree = "<group>"; };
		44D22F6E29AF48DB003A3B8E /* RandomUser.app */ = {isa = PBXFileReference; explicitFileType = wrapper.application; includeInIndex = 0; path = RandomUser.app; sourceTree = BUILT_PRODUCTS_DIR; };
		44D22F7129AF48DB003A3B8E /* RandomUserApp.swift */ = {isa = PBXFileReference; lastKnownFileType = sourcecode.swift; path = RandomUserApp.swift; sourceTree = "<group>"; };
		44D22F7329AF48DB003A3B8E /* ContentView.swift */ = {isa = PBXFileReference; lastKnownFileType = sourcecode.swift; path = ContentView.swift; sourceTree = "<group>"; };
		44D22F7529AF48DC003A3B8E /* Assets.xcassets */ = {isa = PBXFileReference; lastKnownFileType = folder.assetcatalog; path = Assets.xcassets; sourceTree = "<group>"; };
		44D22F7829AF48DC003A3B8E /* Preview Assets.xcassets */ = {isa = PBXFileReference; lastKnownFileType = folder.assetcatalog; path = "Preview Assets.xcassets"; sourceTree = "<group>"; };
		44D22F7F29AF4947003A3B8E /* StateController.swift */ = {isa = PBXFileReference; lastKnownFileType = sourcecode.swift; path = StateController.swift; sourceTree = "<group>"; };
		44D22F8129AF49FB003A3B8E /* User.swift */ = {isa = PBXFileReference; lastKnownFileType = sourcecode.swift; path = User.swift; sourceTree = "<group>"; };
		44D22F8429AF4B18003A3B8E /* RandumUserResult.swift */ = {isa = PBXFileReference; lastKnownFileType = sourcecode.swift; path = RandumUserResult.swift; sourceTree = "<group>"; };
		44D22F8629AF5413003A3B8E /* NetworkService.swift */ = {isa = PBXFileReference; lastKnownFileType = sourcecode.swift; path = NetworkService.swift; sourceTree = "<group>"; };
		44D22F8829AF61D8003A3B8E /* UserRowCell.swift */ = {isa = PBXFileReference; lastKnownFileType = sourcecode.swift; path = UserRowCell.swift; sourceTree = "<group>"; };
/* End PBXFileReference section */

/* Begin PBXFrameworksBuildPhase section */
		44D22F6B29AF48DB003A3B8E /* Frameworks */ = {
			isa = PBXFrameworksBuildPhase;
			buildActionMask = 2147483647;
			files = (
			);
			runOnlyForDeploymentPostprocessing = 0;
		};
/* End PBXFrameworksBuildPhase section */

/* Begin PBXGroup section */
		44D22F6529AF48DB003A3B8E = {
			isa = PBXGroup;
			children = (
				44D22F7029AF48DB003A3B8E /* RandomUser */,
				44D22F6F29AF48DB003A3B8E /* Products */,
			);
			sourceTree = "<group>";
		};
		44D22F6F29AF48DB003A3B8E /* Products */ = {
			isa = PBXGroup;
			children = (
				44D22F6E29AF48DB003A3B8E /* RandomUser.app */,
			);
			name = Products;
			sourceTree = "<group>";
		};
		44D22F7029AF48DB003A3B8E /* RandomUser */ = {
			isa = PBXGroup;
			children = (
				44D22F7F29AF4947003A3B8E /* StateController.swift */,
				44D22F8629AF5413003A3B8E /* NetworkService.swift */,
				44D22F8329AF4A6D003A3B8E /* Model */,
				44D22F7129AF48DB003A3B8E /* RandomUserApp.swift */,
				44D22F7329AF48DB003A3B8E /* ContentView.swift */,
				449F1A6B29B2167400ABEC8C /* UserDetailView.swift */,
				4459CE8B29B1CE3C00B4FCE0 /* AvatarView.swift */,
				44D22F8829AF61D8003A3B8E /* UserRowCell.swift */,
				44D22F7529AF48DC003A3B8E /* Assets.xcassets */,
				44D22F7729AF48DC003A3B8E /* Preview Content */,
			);
			path = RandomUser;
			sourceTree = "<group>";
		};
		44D22F7729AF48DC003A3B8E /* Preview Content */ = {
			isa = PBXGroup;
			children = (
				44D22F7829AF48DC003A3B8E /* Preview Assets.xcassets */,
			);
			path = "Preview Content";
			sourceTree = "<group>";
		};
		44D22F8329AF4A6D003A3B8E /* Model */ = {
			isa = PBXGroup;
			children = (
				44D22F8129AF49FB003A3B8E /* User.swift */,
				44D22F8429AF4B18003A3B8E /* RandumUserResult.swift */,
			);
			path = Model;
			sourceTree = "<group>";
		};
/* End PBXGroup section */

/* Begin PBXNativeTarget section */
		44D22F6D29AF48DB003A3B8E /* RandomUser */ = {
			isa = PBXNativeTarget;
			buildConfigurationList = 44D22F7C29AF48DC003A3B8E /* Build configuration list for PBXNativeTarget "RandomUser" */;
			buildPhases = (
				44D22F6A29AF48DB003A3B8E /* Sources */,
				44D22F6B29AF48DB003A3B8E /* Frameworks */,
				44D22F6C29AF48DB003A3B8E /* Resources */,
			);
			buildRules = (
			);
			dependencies = (
			);
			name = RandomUser;
			productName = RandomUser;
			productReference = 44D22F6E29AF48DB003A3B8E /* RandomUser.app */;
			productType = "com.apple.product-type.application";
		};
/* End PBXNativeTarget section */

/* Begin PBXProject section */
		44D22F6629AF48DB003A3B8E /* Project object */ = {
			isa = PBXProject;
			attributes = {
				BuildIndependentTargetsInParallel = 1;
				LastSwiftUpdateCheck = 1420;
				LastUpgradeCheck = 1420;
				TargetAttributes = {
					44D22F6D29AF48DB003A3B8E = {
						CreatedOnToolsVersion = 14.2;
					};
				};
			};
			buildConfigurationList = 44D22F6929AF48DB003A3B8E /* Build configuration list for PBXProject "RandomUser" */;
			compatibilityVersion = "Xcode 14.0";
			developmentRegion = en;
			hasScannedForEncodings = 0;
			knownRegions = (
				en,
				Base,
			);
			mainGroup = 44D22F6529AF48DB003A3B8E;
			productRefGroup = 44D22F6F29AF48DB003A3B8E /* Products */;
			projectDirPath = "";
			projectRoot = "";
			targets = (
				44D22F6D29AF48DB003A3B8E /* RandomUser */,
			);
		};
/* End PBXProject section */

/* Begin PBXResourcesBuildPhase section */
		44D22F6C29AF48DB003A3B8E /* Resources */ = {
			isa = PBXResourcesBuildPhase;
			buildActionMask = 2147483647;
			files = (
				44D22F7929AF48DC003A3B8E /* Preview Assets.xcassets in Resources */,
				44D22F7629AF48DC003A3B8E /* Assets.xcassets in Resources */,
			);
			runOnlyForDeploymentPostprocessing = 0;
		};
/* End PBXResourcesBuildPhase section */

/* Begin PBXSourcesBuildPhase section */
		44D22F6A29AF48DB003A3B8E /* Sources */ = {
			isa = PBXSourcesBuildPhase;
			buildActionMask = 2147483647;
			files = (
				44D22F8529AF4B18003A3B8E /* RandumUserResult.swift in Sources */,
				44D22F8229AF49FB003A3B8E /* User.swift in Sources */,
				44D22F7429AF48DB003A3B8E /* ContentView.swift in Sources */,
				44D22F8029AF4947003A3B8E /* StateController.swift in Sources */,
				449F1A6C29B2167400ABEC8C /* UserDetailView.swift in Sources */,
				44D22F8729AF5413003A3B8E /* NetworkService.swift in Sources */,
				4459CE8C29B1CE3C00B4FCE0 /* AvatarView.swift in Sources */,
				44D22F7229AF48DB003A3B8E /* RandomUserApp.swift in Sources */,
				44D22F8929AF61D8003A3B8E /* UserRowCell.swift in Sources */,
			);
			runOnlyForDeploymentPostprocessing = 0;
		};
/* End PBXSourcesBuildPhase section */

/* Begin XCBuildConfiguration section */
		44D22F7A29AF48DC003A3B8E /* Debug */ = {
			isa = XCBuildConfiguration;
			buildSettings = {
				ALWAYS_SEARCH_USER_PATHS = NO;
				CLANG_ANALYZER_NONNULL = YES;
				CLANG_ANALYZER_NUMBER_OBJECT_CONVERSION = YES_AGGRESSIVE;
				CLANG_CXX_LANGUAGE_STANDARD = "gnu++20";
				CLANG_ENABLE_MODULES = YES;
				CLANG_ENABLE_OBJC_ARC = YES;
				CLANG_ENABLE_OBJC_WEAK = YES;
				CLANG_WARN_BLOCK_CAPTURE_AUTORELEASING = YES;
				CLANG_WARN_BOOL_CONVERSION = YES;
				CLANG_WARN_COMMA = YES;
				CLANG_WARN_CONSTANT_CONVERSION = YES;
				CLANG_WARN_DEPRECATED_OBJC_IMPLEMENTATIONS = YES;
				CLANG_WARN_DIRECT_OBJC_ISA_USAGE = YES_ERROR;
				CLANG_WARN_DOCUMENTATION_COMMENTS = YES;
				CLANG_WARN_EMPTY_BODY = YES;
				CLANG_WARN_ENUM_CONVERSION = YES;
				CLANG_WARN_INFINITE_RECURSION = YES;
				CLANG_WARN_INT_CONVERSION = YES;
				CLANG_WARN_NON_LITERAL_NULL_CONVERSION = YES;
				CLANG_WARN_OBJC_IMPLICIT_RETAIN_SELF = YES;
				CLANG_WARN_OBJC_LITERAL_CONVERSION = YES;
				CLANG_WARN_OBJC_ROOT_CLASS = YES_ERROR;
				CLANG_WARN_QUOTED_INCLUDE_IN_FRAMEWORK_HEADER = YES;
				CLANG_WARN_RANGE_LOOP_ANALYSIS = YES;
				CLANG_WARN_STRICT_PROTOTYPES = YES;
				CLANG_WARN_SUSPICIOUS_MOVE = YES;
				CLANG_WARN_UNGUARDED_AVAILABILITY = YES_AGGRESSIVE;
				CLANG_WARN_UNREACHABLE_CODE = YES;
				CLANG_WARN__DUPLICATE_METHOD_MATCH = YES;
				COPY_PHASE_STRIP = NO;
				DEBUG_INFORMATION_FORMAT = dwarf;
				ENABLE_STRICT_OBJC_MSGSEND = YES;
				ENABLE_TESTABILITY = YES;
				GCC_C_LANGUAGE_STANDARD = gnu11;
				GCC_DYNAMIC_NO_PIC = NO;
				GCC_NO_COMMON_BLOCKS = YES;
				GCC_OPTIMIZATION_LEVEL = 0;
				GCC_PREPROCESSOR_DEFINITIONS = (
					"DEBUG=1",
					"$(inherited)",
				);
				GCC_WARN_64_TO_32_BIT_CONVERSION = YES;
				GCC_WARN_ABOUT_RETURN_TYPE = YES_ERROR;
				GCC_WARN_UNDECLARED_SELECTOR = YES;
				GCC_WARN_UNINITIALIZED_AUTOS = YES_AGGRESSIVE;
				GCC_WARN_UNUSED_FUNCTION = YES;
				GCC_WARN_UNUSED_VARIABLE = YES;
				IPHONEOS_DEPLOYMENT_TARGET = 16.2;
				MTL_ENABLE_DEBUG_INFO = INCLUDE_SOURCE;
				MTL_FAST_MATH = YES;
				ONLY_ACTIVE_ARCH = YES;
				SDKROOT = iphoneos;
				SWIFT_ACTIVE_COMPILATION_CONDITIONS = DEBUG;
				SWIFT_OPTIMIZATION_LEVEL = "-Onone";
			};
			name = Debug;
		};
		44D22F7B29AF48DC003A3B8E /* Release */ = {
			isa = XCBuildConfiguration;
			buildSettings = {
				ALWAYS_SEARCH_USER_PATHS = NO;
				CLANG_ANALYZER_NONNULL = YES;
				CLANG_ANALYZER_NUMBER_OBJECT_CONVERSION = YES_AGGRESSIVE;
				CLANG_CXX_LANGUAGE_STANDARD = "gnu++20";
				CLANG_ENABLE_MODULES = YES;
				CLANG_ENABLE_OBJC_ARC = YES;
				CLANG_ENABLE_OBJC_WEAK = YES;
				CLANG_WARN_BLOCK_CAPTURE_AUTORELEASING = YES;
				CLANG_WARN_BOOL_CONVERSION = YES;
				CLANG_WARN_COMMA = YES;
				CLANG_WARN_CONSTANT_CONVERSION = YES;
				CLANG_WARN_DEPRECATED_OBJC_IMPLEMENTATIONS = YES;
				CLANG_WARN_DIRECT_OBJC_ISA_USAGE = YES_ERROR;
				CLANG_WARN_DOCUMENTATION_COMMENTS = YES;
				CLANG_WARN_EMPTY_BODY = YES;
				CLANG_WARN_ENUM_CONVERSION = YES;
				CLANG_WARN_INFINITE_RECURSION = YES;
				CLANG_WARN_INT_CONVERSION = YES;
				CLANG_WARN_NON_LITERAL_NULL_CONVERSION = YES;
				CLANG_WARN_OBJC_IMPLICIT_RETAIN_SELF = YES;
				CLANG_WARN_OBJC_LITERAL_CONVERSION = YES;
				CLANG_WARN_OBJC_ROOT_CLASS = YES_ERROR;
				CLANG_WARN_QUOTED_INCLUDE_IN_FRAMEWORK_HEADER = YES;
				CLANG_WARN_RANGE_LOOP_ANALYSIS = YES;
				CLANG_WARN_STRICT_PROTOTYPES = YES;
				CLANG_WARN_SUSPICIOUS_MOVE = YES;
				CLANG_WARN_UNGUARDED_AVAILABILITY = YES_AGGRESSIVE;
				CLANG_WARN_UNREACHABLE_CODE = YES;
				CLANG_WARN__DUPLICATE_METHOD_MATCH = YES;
				COPY_PHASE_STRIP = NO;
				DEBUG_INFORMATION_FORMAT = "dwarf-with-dsym";
				ENABLE_NS_ASSERTIONS = NO;
				ENABLE_STRICT_OBJC_MSGSEND = YES;
				GCC_C_LANGUAGE_STANDARD = gnu11;
				GCC_NO_COMMON_BLOCKS = YES;
				GCC_WARN_64_TO_32_BIT_CONVERSION = YES;
				GCC_WARN_ABOUT_RETURN_TYPE = YES_ERROR;
				GCC_WARN_UNDECLARED_SELECTOR = YES;
				GCC_WARN_UNINITIALIZED_AUTOS = YES_AGGRESSIVE;
				GCC_WARN_UNUSED_FUNCTION = YES;
				GCC_WARN_UNUSED_VARIABLE = YES;
				IPHONEOS_DEPLOYMENT_TARGET = 16.2;
				MTL_ENABLE_DEBUG_INFO = NO;
				MTL_FAST_MATH = YES;
				SDKROOT = iphoneos;
				SWIFT_COMPILATION_MODE = wholemodule;
				SWIFT_OPTIMIZATION_LEVEL = "-O";
				VALIDATE_PRODUCT = YES;
			};
			name = Release;
		};
		44D22F7D29AF48DC003A3B8E /* Debug */ = {
			isa = XCBuildConfiguration;
			buildSettings = {
				ASSETCATALOG_COMPILER_APPICON_NAME = AppIcon;
				ASSETCATALOG_COMPILER_GLOBAL_ACCENT_COLOR_NAME = AccentColor;
				CODE_SIGN_STYLE = Automatic;
				CURRENT_PROJECT_VERSION = 1;
				DEVELOPMENT_ASSET_PATHS = "\"RandomUser/Preview Content\"";
				DEVELOPMENT_TEAM = TF3KX6TP3E;
				ENABLE_PREVIEWS = YES;
				GENERATE_INFOPLIST_FILE = YES;
				INFOPLIST_KEY_UIApplicationSceneManifest_Generation = YES;
				INFOPLIST_KEY_UIApplicationSupportsIndirectInputEvents = YES;
				INFOPLIST_KEY_UILaunchScreen_Generation = YES;
				INFOPLIST_KEY_UISupportedInterfaceOrientations_iPad = "UIInterfaceOrientationPortrait UIInterfaceOrientationPortraitUpsideDown UIInterfaceOrientationLandscapeLeft UIInterfaceOrientationLandscapeRight";
				INFOPLIST_KEY_UISupportedInterfaceOrientations_iPhone = "UIInterfaceOrientationPortrait UIInterfaceOrientationLandscapeLeft UIInterfaceOrientationLandscapeRight";
				LD_RUNPATH_SEARCH_PATHS = (
					"$(inherited)",
					"@executable_path/Frameworks",
				);
				MARKETING_VERSION = 1.0;
				PRODUCT_BUNDLE_IDENTIFIER = dk.eaaa.dmu.ksd.RandomUser;
				PRODUCT_NAME = "$(TARGET_NAME)";
				SWIFT_EMIT_LOC_STRINGS = YES;
				SWIFT_VERSION = 5.0;
				TARGETED_DEVICE_FAMILY = "1,2";
			};
			name = Debug;
		};
		44D22F7E29AF48DC003A3B8E /* Release */ = {
			isa = XCBuildConfiguration;
			buildSettings = {
				ASSETCATALOG_COMPILER_APPICON_NAME = AppIcon;
				ASSETCATALOG_COMPILER_GLOBAL_ACCENT_COLOR_NAME = AccentColor;
				CODE_SIGN_STYLE = Automatic;
				CURRENT_PROJECT_VERSION = 1;
				DEVELOPMENT_ASSET_PATHS = "\"RandomUser/Preview Content\"";
				DEVELOPMENT_TEAM = TF3KX6TP3E;
				ENABLE_PREVIEWS = YES;
				GENERATE_INFOPLIST_FILE = YES;
				INFOPLIST_KEY_UIApplicationSceneManifest_Generation = YES;
				INFOPLIST_KEY_UIApplicationSupportsIndirectInputEvents = YES;
				INFOPLIST_KEY_UILaunchScreen_Generation = YES;
				INFOPLIST_KEY_UISupportedInterfaceOrientations_iPad = "UIInterfaceOrientationPortrait UIInterfaceOrientationPortraitUpsideDown UIInterfaceOrientationLandscapeLeft UIInterfaceOrientationLandscapeRight";
				INFOPLIST_KEY_UISupportedInterfaceOrientations_iPhone = "UIInterfaceOrientationPortrait UIInterfaceOrientationLandscapeLeft UIInterfaceOrientationLandscapeRight";
				LD_RUNPATH_SEARCH_PATHS = (
					"$(inherited)",
					"@executable_path/Frameworks",
				);
				MARKETING_VERSION = 1.0;
				PRODUCT_BUNDLE_IDENTIFIER = dk.eaaa.dmu.ksd.RandomUser;
				PRODUCT_NAME = "$(TARGET_NAME)";
				SWIFT_EMIT_LOC_STRINGS = YES;
				SWIFT_VERSION = 5.0;
				TARGETED_DEVICE_FAMILY = "1,2";
			};
			name = Release;
		};
/* End XCBuildConfiguration section */

/* Begin XCConfigurationList section */
		44D22F6929AF48DB003A3B8E /* Build configuration list for PBXProject "RandomUser" */ = {
			isa = XCConfigurationList;
			buildConfigurations = (
				44D22F7A29AF48DC003A3B8E /* Debug */,
				44D22F7B29AF48DC003A3B8E /* Release */,
			);
			defaultConfigurationIsVisible = 0;
			defaultConfigurationName = Release;
		};
		44D22F7C29AF48DC003A3B8E /* Build configuration list for PBXNativeTarget "RandomUser" */ = {
			isa = XCConfigurationList;
			buildConfigurations = (
				44D22F7D29AF48DC003A3B8E /* Debug */,
				44D22F7E29AF48DC003A3B8E /* Release */,
			);
			defaultConfigurationIsVisible = 0;
			defaultConfigurationName = Release;
		};
/* End XCConfigurationList section */
	};
	rootObject = 44D22F6629AF48DB003A3B8E /* Project object */;
}
